// !$*UTF8*$!
{
	archiveVersion = 1;
	classes = {
	};
	objectVersion = 56;
	objects = {

/* Begin PBXBuildFile section */
		024A3117ACF585F3F1800AFF /* Pods_MDRDarts.framework in Frameworks */ = {isa = PBXBuildFile; fileRef = 27C9D6F58017F82ADEB83C97 /* Pods_MDRDarts.framework */; };
		190A4FB2293E86A300526C4A /* MDRDartsApp.swift in Sources */ = {isa = PBXBuildFile; fileRef = 190A4FB1293E86A300526C4A /* MDRDartsApp.swift */; };
		190A4FB4293E86A300526C4A /* ContentView.swift in Sources */ = {isa = PBXBuildFile; fileRef = 190A4FB3293E86A300526C4A /* ContentView.swift */; };
		190A4FB6293E86A500526C4A /* Assets.xcassets in Resources */ = {isa = PBXBuildFile; fileRef = 190A4FB5293E86A500526C4A /* Assets.xcassets */; };
		190A4FB9293E86A500526C4A /* Preview Assets.xcassets in Resources */ = {isa = PBXBuildFile; fileRef = 190A4FB8293E86A500526C4A /* Preview Assets.xcassets */; };
		190A4FC0293E88F500526C4A /* DartsViewModel.swift in Sources */ = {isa = PBXBuildFile; fileRef = 190A4FBF293E88F500526C4A /* DartsViewModel.swift */; };
		190A4FC2293E891B00526C4A /* DartsGame.swift in Sources */ = {isa = PBXBuildFile; fileRef = 190A4FC1293E891B00526C4A /* DartsGame.swift */; };
		194030F129A7DE3B001EA9F0 /* StartView.swift in Sources */ = {isa = PBXBuildFile; fileRef = 194030F029A7DE3B001EA9F0 /* StartView.swift */; };
		194030F729A7E701001EA9F0 /* StartList.swift in Sources */ = {isa = PBXBuildFile; fileRef = 194030F629A7E701001EA9F0 /* StartList.swift */; };
		194030FB29A852AB001EA9F0 /* SettingView.swift in Sources */ = {isa = PBXBuildFile; fileRef = 194030FA29A852AB001EA9F0 /* SettingView.swift */; };
		194030FD29A856F2001EA9F0 /* DataView.swift in Sources */ = {isa = PBXBuildFile; fileRef = 194030FC29A856F2001EA9F0 /* DataView.swift */; };
		1985E6D129A938D500E339BC /* BoardSegment.swift in Sources */ = {isa = PBXBuildFile; fileRef = 1985E6D029A938D500E339BC /* BoardSegment.swift */; };
		1985E6D329AC49C800E339BC /* BoardView.swift in Sources */ = {isa = PBXBuildFile; fileRef = 1985E6D229AC49C800E339BC /* BoardView.swift */; };
		1985E6D629AD784100E339BC /* BoardViewModel.swift in Sources */ = {isa = PBXBuildFile; fileRef = 1985E6D529AD784100E339BC /* BoardViewModel.swift */; };
		1985E6D829AD78DF00E339BC /* BoardModel.swift in Sources */ = {isa = PBXBuildFile; fileRef = 1985E6D729AD78DF00E339BC /* BoardModel.swift */; };
		19BDB54A29BA4D4D007918EC /* TutorialView.swift in Sources */ = {isa = PBXBuildFile; fileRef = 19BDB54929BA4D4C007918EC /* TutorialView.swift */; };
/* End PBXBuildFile section */

/* Begin PBXFileReference section */
		190A4FAE293E86A300526C4A /* MDRDarts.app */ = {isa = PBXFileReference; explicitFileType = wrapper.application; includeInIndex = 0; path = MDRDarts.app; sourceTree = BUILT_PRODUCTS_DIR; };
		190A4FB1293E86A300526C4A /* MDRDartsApp.swift */ = {isa = PBXFileReference; lastKnownFileType = sourcecode.swift; path = MDRDartsApp.swift; sourceTree = "<group>"; };
		190A4FB3293E86A300526C4A /* ContentView.swift */ = {isa = PBXFileReference; lastKnownFileType = sourcecode.swift; path = ContentView.swift; sourceTree = "<group>"; };
		190A4FB5293E86A500526C4A /* Assets.xcassets */ = {isa = PBXFileReference; lastKnownFileType = folder.assetcatalog; path = Assets.xcassets; sourceTree = "<group>"; };
		190A4FB8293E86A500526C4A /* Preview Assets.xcassets */ = {isa = PBXFileReference; lastKnownFileType = folder.assetcatalog; path = "Preview Assets.xcassets"; sourceTree = "<group>"; };
		190A4FBF293E88F500526C4A /* DartsViewModel.swift */ = {isa = PBXFileReference; lastKnownFileType = sourcecode.swift; path = DartsViewModel.swift; sourceTree = "<group>"; };
		190A4FC1293E891B00526C4A /* DartsGame.swift */ = {isa = PBXFileReference; lastKnownFileType = sourcecode.swift; path = DartsGame.swift; sourceTree = "<group>"; };
		194030F029A7DE3B001EA9F0 /* StartView.swift */ = {isa = PBXFileReference; lastKnownFileType = sourcecode.swift; path = StartView.swift; sourceTree = "<group>"; };
		194030F629A7E701001EA9F0 /* StartList.swift */ = {isa = PBXFileReference; lastKnownFileType = sourcecode.swift; path = StartList.swift; sourceTree = "<group>"; };
		194030FA29A852AB001EA9F0 /* SettingView.swift */ = {isa = PBXFileReference; lastKnownFileType = sourcecode.swift; path = SettingView.swift; sourceTree = "<group>"; };
		194030FC29A856F2001EA9F0 /* DataView.swift */ = {isa = PBXFileReference; lastKnownFileType = sourcecode.swift; path = DataView.swift; sourceTree = "<group>"; };
		1985E6D029A938D500E339BC /* BoardSegment.swift */ = {isa = PBXFileReference; lastKnownFileType = sourcecode.swift; path = BoardSegment.swift; sourceTree = "<group>"; };
		1985E6D229AC49C800E339BC /* BoardView.swift */ = {isa = PBXFileReference; lastKnownFileType = sourcecode.swift; path = BoardView.swift; sourceTree = "<group>"; };
		1985E6D529AD784100E339BC /* BoardViewModel.swift */ = {isa = PBXFileReference; lastKnownFileType = sourcecode.swift; path = BoardViewModel.swift; sourceTree = "<group>"; };
		1985E6D729AD78DF00E339BC /* BoardModel.swift */ = {isa = PBXFileReference; lastKnownFileType = sourcecode.swift; path = BoardModel.swift; sourceTree = "<group>"; };
		19BDB54929BA4D4C007918EC /* TutorialView.swift */ = {isa = PBXFileReference; lastKnownFileType = sourcecode.swift; path = TutorialView.swift; sourceTree = "<group>"; };
		265A692E937456D6315B26E9 /* Pods-MDRDarts.debug.xcconfig */ = {isa = PBXFileReference; includeInIndex = 1; lastKnownFileType = text.xcconfig; name = "Pods-MDRDarts.debug.xcconfig"; path = "Target Support Files/Pods-MDRDarts/Pods-MDRDarts.debug.xcconfig"; sourceTree = "<group>"; };
		27106B9A2B40DD14468E2D9A /* Pods-MDRDarts.release.xcconfig */ = {isa = PBXFileReference; includeInIndex = 1; lastKnownFileType = text.xcconfig; name = "Pods-MDRDarts.release.xcconfig"; path = "Target Support Files/Pods-MDRDarts/Pods-MDRDarts.release.xcconfig"; sourceTree = "<group>"; };
		27C9D6F58017F82ADEB83C97 /* Pods_MDRDarts.framework */ = {isa = PBXFileReference; explicitFileType = wrapper.framework; includeInIndex = 0; path = Pods_MDRDarts.framework; sourceTree = BUILT_PRODUCTS_DIR; };
/* End PBXFileReference section */

/* Begin PBXFrameworksBuildPhase section */
		190A4FAB293E86A300526C4A /* Frameworks */ = {
			isa = PBXFrameworksBuildPhase;
			buildActionMask = 2147483647;
			files = (
				024A3117ACF585F3F1800AFF /* Pods_MDRDarts.framework in Frameworks */,
			);
			runOnlyForDeploymentPostprocessing = 0;
		};
/* End PBXFrameworksBuildPhase section */

/* Begin PBXGroup section */
		055D59BE487CE1CECBD16280 /* Frameworks */ = {
			isa = PBXGroup;
			children = (
				27C9D6F58017F82ADEB83C97 /* Pods_MDRDarts.framework */,
			);
			name = Frameworks;
			sourceTree = "<group>";
		};
		190A4FA5293E86A300526C4A = {
			isa = PBXGroup;
			children = (
				190A4FB0293E86A300526C4A /* MDRDarts */,
				190A4FAF293E86A300526C4A /* Products */,
				7BF128647568294FD91B96E7 /* Pods */,
				055D59BE487CE1CECBD16280 /* Frameworks */,
			);
			sourceTree = "<group>";
		};
		190A4FAF293E86A300526C4A /* Products */ = {
			isa = PBXGroup;
			children = (
				190A4FAE293E86A300526C4A /* MDRDarts.app */,
			);
			name = Products;
			sourceTree = "<group>";
		};
		190A4FB0293E86A300526C4A /* MDRDarts */ = {
			isa = PBXGroup;
			children = (
				194030F529A7E3D1001EA9F0 /* Views */,
				190A4FB1293E86A300526C4A /* MDRDartsApp.swift */,
				190A4FBF293E88F500526C4A /* DartsViewModel.swift */,
				190A4FC1293E891B00526C4A /* DartsGame.swift */,
				190A4FB5293E86A500526C4A /* Assets.xcassets */,
				190A4FB7293E86A500526C4A /* Preview Content */,
			);
			path = MDRDarts;
			sourceTree = "<group>";
		};
		190A4FB7293E86A500526C4A /* Preview Content */ = {
			isa = PBXGroup;
			children = (
				190A4FB8293E86A500526C4A /* Preview Assets.xcassets */,
			);
			path = "Preview Content";
			sourceTree = "<group>";
		};
		194030F529A7E3D1001EA9F0 /* Views */ = {
			isa = PBXGroup;
			children = (
				190A4FB3293E86A300526C4A /* ContentView.swift */,
				194030F029A7DE3B001EA9F0 /* StartView.swift */,
				194030F629A7E701001EA9F0 /* StartList.swift */,
				194030FA29A852AB001EA9F0 /* SettingView.swift */,
				194030FC29A856F2001EA9F0 /* DataView.swift */,
				19BDB54929BA4D4C007918EC /* TutorialView.swift */,
				1985E6D429AD774900E339BC /* Board */,
			);
			path = Views;
			sourceTree = "<group>";
		};
		1985E6D429AD774900E339BC /* Board */ = {
			isa = PBXGroup;
			children = (
				1985E6D029A938D500E339BC /* BoardSegment.swift */,
				1985E6D229AC49C800E339BC /* BoardView.swift */,
				1985E6D529AD784100E339BC /* BoardViewModel.swift */,
				1985E6D729AD78DF00E339BC /* BoardModel.swift */,
			);
			path = Board;
			sourceTree = "<group>";
		};
		7BF128647568294FD91B96E7 /* Pods */ = {
			isa = PBXGroup;
			children = (
				265A692E937456D6315B26E9 /* Pods-MDRDarts.debug.xcconfig */,
				27106B9A2B40DD14468E2D9A /* Pods-MDRDarts.release.xcconfig */,
			);
			path = Pods;
			sourceTree = "<group>";
		};
/* End PBXGroup section */

/* Begin PBXNativeTarget section */
		190A4FAD293E86A300526C4A /* MDRDarts */ = {
			isa = PBXNativeTarget;
			buildConfigurationList = 190A4FBC293E86A500526C4A /* Build configuration list for PBXNativeTarget "MDRDarts" */;
			buildPhases = (
				8787356CC14214531B821C88 /* [CP] Check Pods Manifest.lock */,
				190A4FAA293E86A300526C4A /* Sources */,
				190A4FAB293E86A300526C4A /* Frameworks */,
				190A4FAC293E86A300526C4A /* Resources */,
				EC95B7390280E1D01E39086D /* [CP] Embed Pods Frameworks */,
			);
			buildRules = (
			);
			dependencies = (
			);
			name = MDRDarts;
			productName = MDRDarts;
			productReference = 190A4FAE293E86A300526C4A /* MDRDarts.app */;
			productType = "com.apple.product-type.application";
		};
/* End PBXNativeTarget section */

/* Begin PBXProject section */
		190A4FA6293E86A300526C4A /* Project object */ = {
			isa = PBXProject;
			attributes = {
				BuildIndependentTargetsInParallel = 1;
				LastSwiftUpdateCheck = 1410;
				LastUpgradeCheck = 1410;
				TargetAttributes = {
					190A4FAD293E86A300526C4A = {
						CreatedOnToolsVersion = 14.1;
					};
				};
			};
			buildConfigurationList = 190A4FA9293E86A300526C4A /* Build configuration list for PBXProject "MDRDarts" */;
			compatibilityVersion = "Xcode 14.0";
			developmentRegion = en;
			hasScannedForEncodings = 0;
			knownRegions = (
				en,
				Base,
			);
			mainGroup = 190A4FA5293E86A300526C4A;
			productRefGroup = 190A4FAF293E86A300526C4A /* Products */;
			projectDirPath = "";
			projectRoot = "";
			targets = (
				190A4FAD293E86A300526C4A /* MDRDarts */,
			);
		};
/* End PBXProject section */

/* Begin PBXResourcesBuildPhase section */
		190A4FAC293E86A300526C4A /* Resources */ = {
			isa = PBXResourcesBuildPhase;
			buildActionMask = 2147483647;
			files = (
				190A4FB9293E86A500526C4A /* Preview Assets.xcassets in Resources */,
				190A4FB6293E86A500526C4A /* Assets.xcassets in Resources */,
			);
			runOnlyForDeploymentPostprocessing = 0;
		};
/* End PBXResourcesBuildPhase section */

/* Begin PBXShellScriptBuildPhase section */
		8787356CC14214531B821C88 /* [CP] Check Pods Manifest.lock */ = {
			isa = PBXShellScriptBuildPhase;
			buildActionMask = 2147483647;
			files = (
			);
			inputFileListPaths = (
			);
			inputPaths = (
				"${PODS_PODFILE_DIR_PATH}/Podfile.lock",
				"${PODS_ROOT}/Manifest.lock",
			);
			name = "[CP] Check Pods Manifest.lock";
			outputFileListPaths = (
			);
			outputPaths = (
				"$(DERIVED_FILE_DIR)/Pods-MDRDarts-checkManifestLockResult.txt",
			);
			runOnlyForDeploymentPostprocessing = 0;
			shellPath = /bin/sh;
			shellScript = "diff \"${PODS_PODFILE_DIR_PATH}/Podfile.lock\" \"${PODS_ROOT}/Manifest.lock\" > /dev/null\nif [ $? != 0 ] ; then\n    # print error to STDERR\n    echo \"error: The sandbox is not in sync with the Podfile.lock. Run 'pod install' or update your CocoaPods installation.\" >&2\n    exit 1\nfi\n# This output is used by Xcode 'outputs' to avoid re-running this script phase.\necho \"SUCCESS\" > \"${SCRIPT_OUTPUT_FILE_0}\"\n";
			showEnvVarsInLog = 0;
		};
		EC95B7390280E1D01E39086D /* [CP] Embed Pods Frameworks */ = {
			isa = PBXShellScriptBuildPhase;
			buildActionMask = 2147483647;
			files = (
			);
			inputFileListPaths = (
				"${PODS_ROOT}/Target Support Files/Pods-MDRDarts/Pods-MDRDarts-frameworks-${CONFIGURATION}-input-files.xcfilelist",
			);
			name = "[CP] Embed Pods Frameworks";
			outputFileListPaths = (
				"${PODS_ROOT}/Target Support Files/Pods-MDRDarts/Pods-MDRDarts-frameworks-${CONFIGURATION}-output-files.xcfilelist",
			);
			runOnlyForDeploymentPostprocessing = 0;
			shellPath = /bin/sh;
			shellScript = "\"${PODS_ROOT}/Target Support Files/Pods-MDRDarts/Pods-MDRDarts-frameworks.sh\"\n";
			showEnvVarsInLog = 0;
		};
/* End PBXShellScriptBuildPhase section */

/* Begin PBXSourcesBuildPhase section */
		190A4FAA293E86A300526C4A /* Sources */ = {
			isa = PBXSourcesBuildPhase;
			buildActionMask = 2147483647;
			files = (
				1985E6D829AD78DF00E339BC /* BoardModel.swift in Sources */,
				19BDB54A29BA4D4D007918EC /* TutorialView.swift in Sources */,
				190A4FB4293E86A300526C4A /* ContentView.swift in Sources */,
				194030F129A7DE3B001EA9F0 /* StartView.swift in Sources */,
				194030F729A7E701001EA9F0 /* StartList.swift in Sources */,
				194030FB29A852AB001EA9F0 /* SettingView.swift in Sources */,
				190A4FB2293E86A300526C4A /* MDRDartsApp.swift in Sources */,
				190A4FC2293E891B00526C4A /* DartsGame.swift in Sources */,
				194030FD29A856F2001EA9F0 /* DataView.swift in Sources */,
				1985E6D329AC49C800E339BC /* BoardView.swift in Sources */,
				1985E6D629AD784100E339BC /* BoardViewModel.swift in Sources */,
				1985E6D129A938D500E339BC /* BoardSegment.swift in Sources */,
				190A4FC0293E88F500526C4A /* DartsViewModel.swift in Sources */,
			);
			runOnlyForDeploymentPostprocessing = 0;
		};
/* End PBXSourcesBuildPhase section */

/* Begin XCBuildConfiguration section */
		190A4FBA293E86A500526C4A /* Debug */ = {
			isa = XCBuildConfiguration;
			buildSettings = {
				ALWAYS_SEARCH_USER_PATHS = NO;
				CLANG_ANALYZER_NONNULL = YES;
				CLANG_ANALYZER_NUMBER_OBJECT_CONVERSION = YES_AGGRESSIVE;
				CLANG_CXX_LANGUAGE_STANDARD = "gnu++20";
				CLANG_ENABLE_MODULES = YES;
				CLANG_ENABLE_OBJC_ARC = YES;
				CLANG_ENABLE_OBJC_WEAK = YES;
				CLANG_WARN_BLOCK_CAPTURE_AUTORELEASING = YES;
				CLANG_WARN_BOOL_CONVERSION = YES;
				CLANG_WARN_COMMA = YES;
				CLANG_WARN_CONSTANT_CONVERSION = YES;
				CLANG_WARN_DEPRECATED_OBJC_IMPLEMENTATIONS = YES;
				CLANG_WARN_DIRECT_OBJC_ISA_USAGE = YES_ERROR;
				CLANG_WARN_DOCUMENTATION_COMMENTS = YES;
				CLANG_WARN_EMPTY_BODY = YES;
				CLANG_WARN_ENUM_CONVERSION = YES;
				CLANG_WARN_INFINITE_RECURSION = YES;
				CLANG_WARN_INT_CONVERSION = YES;
				CLANG_WARN_NON_LITERAL_NULL_CONVERSION = YES;
				CLANG_WARN_OBJC_IMPLICIT_RETAIN_SELF = YES;
				CLANG_WARN_OBJC_LITERAL_CONVERSION = YES;
				CLANG_WARN_OBJC_ROOT_CLASS = YES_ERROR;
				CLANG_WARN_QUOTED_INCLUDE_IN_FRAMEWORK_HEADER = YES;
				CLANG_WARN_RANGE_LOOP_ANALYSIS = YES;
				CLANG_WARN_STRICT_PROTOTYPES = YES;
				CLANG_WARN_SUSPICIOUS_MOVE = YES;
				CLANG_WARN_UNGUARDED_AVAILABILITY = YES_AGGRESSIVE;
				CLANG_WARN_UNREACHABLE_CODE = YES;
				CLANG_WARN__DUPLICATE_METHOD_MATCH = YES;
				COPY_PHASE_STRIP = NO;
				DEBUG_INFORMATION_FORMAT = dwarf;
				ENABLE_STRICT_OBJC_MSGSEND = YES;
				ENABLE_TESTABILITY = YES;
				GCC_C_LANGUAGE_STANDARD = gnu11;
				GCC_DYNAMIC_NO_PIC = NO;
				GCC_NO_COMMON_BLOCKS = YES;
				GCC_OPTIMIZATION_LEVEL = 0;
				GCC_PREPROCESSOR_DEFINITIONS = (
					"DEBUG=1",
					"$(inherited)",
				);
				GCC_WARN_64_TO_32_BIT_CONVERSION = YES;
				GCC_WARN_ABOUT_RETURN_TYPE = YES_ERROR;
				GCC_WARN_UNDECLARED_SELECTOR = YES;
				GCC_WARN_UNINITIALIZED_AUTOS = YES_AGGRESSIVE;
				GCC_WARN_UNUSED_FUNCTION = YES;
				GCC_WARN_UNUSED_VARIABLE = YES;
				IPHONEOS_DEPLOYMENT_TARGET = 16.1;
				MTL_ENABLE_DEBUG_INFO = INCLUDE_SOURCE;
				MTL_FAST_MATH = YES;
				ONLY_ACTIVE_ARCH = YES;
				SDKROOT = iphoneos;
				SWIFT_ACTIVE_COMPILATION_CONDITIONS = DEBUG;
				SWIFT_OPTIMIZATION_LEVEL = "-Onone";
			};
			name = Debug;
		};
		190A4FBB293E86A500526C4A /* Release */ = {
			isa = XCBuildConfiguration;
			buildSettings = {
				ALWAYS_SEARCH_USER_PATHS = NO;
				CLANG_ANALYZER_NONNULL = YES;
				CLANG_ANALYZER_NUMBER_OBJECT_CONVERSION = YES_AGGRESSIVE;
				CLANG_CXX_LANGUAGE_STANDARD = "gnu++20";
				CLANG_ENABLE_MODULES = YES;
				CLANG_ENABLE_OBJC_ARC = YES;
				CLANG_ENABLE_OBJC_WEAK = YES;
				CLANG_WARN_BLOCK_CAPTURE_AUTORELEASING = YES;
				CLANG_WARN_BOOL_CONVERSION = YES;
				CLANG_WARN_COMMA = YES;
				CLANG_WARN_CONSTANT_CONVERSION = YES;
				CLANG_WARN_DEPRECATED_OBJC_IMPLEMENTATIONS = YES;
				CLANG_WARN_DIRECT_OBJC_ISA_USAGE = YES_ERROR;
				CLANG_WARN_DOCUMENTATION_COMMENTS = YES;
				CLANG_WARN_EMPTY_BODY = YES;
				CLANG_WARN_ENUM_CONVERSION = YES;
				CLANG_WARN_INFINITE_RECURSION = YES;
				CLANG_WARN_INT_CONVERSION = YES;
				CLANG_WARN_NON_LITERAL_NULL_CONVERSION = YES;
				CLANG_WARN_OBJC_IMPLICIT_RETAIN_SELF = YES;
				CLANG_WARN_OBJC_LITERAL_CONVERSION = YES;
				CLANG_WARN_OBJC_ROOT_CLASS = YES_ERROR;
				CLANG_WARN_QUOTED_INCLUDE_IN_FRAMEWORK_HEADER = YES;
				CLANG_WARN_RANGE_LOOP_ANALYSIS = YES;
				CLANG_WARN_STRICT_PROTOTYPES = YES;
				CLANG_WARN_SUSPICIOUS_MOVE = YES;
				CLANG_WARN_UNGUARDED_AVAILABILITY = YES_AGGRESSIVE;
				CLANG_WARN_UNREACHABLE_CODE = YES;
				CLANG_WARN__DUPLICATE_METHOD_MATCH = YES;
				COPY_PHASE_STRIP = NO;
				DEBUG_INFORMATION_FORMAT = "dwarf-with-dsym";
				ENABLE_NS_ASSERTIONS = NO;
				ENABLE_STRICT_OBJC_MSGSEND = YES;
				GCC_C_LANGUAGE_STANDARD = gnu11;
				GCC_NO_COMMON_BLOCKS = YES;
				GCC_WARN_64_TO_32_BIT_CONVERSION = YES;
				GCC_WARN_ABOUT_RETURN_TYPE = YES_ERROR;
				GCC_WARN_UNDECLARED_SELECTOR = YES;
				GCC_WARN_UNINITIALIZED_AUTOS = YES_AGGRESSIVE;
				GCC_WARN_UNUSED_FUNCTION = YES;
				GCC_WARN_UNUSED_VARIABLE = YES;
				IPHONEOS_DEPLOYMENT_TARGET = 16.1;
				MTL_ENABLE_DEBUG_INFO = NO;
				MTL_FAST_MATH = YES;
				SDKROOT = iphoneos;
				SWIFT_COMPILATION_MODE = wholemodule;
				SWIFT_OPTIMIZATION_LEVEL = "-O";
				VALIDATE_PRODUCT = YES;
			};
			name = Release;
		};
		190A4FBD293E86A500526C4A /* Debug */ = {
			isa = XCBuildConfiguration;
			baseConfigurationReference = 265A692E937456D6315B26E9 /* Pods-MDRDarts.debug.xcconfig */;
			buildSettings = {
				ASSETCATALOG_COMPILER_APPICON_NAME = AppIcon;
				ASSETCATALOG_COMPILER_GLOBAL_ACCENT_COLOR_NAME = AccentColor;
				CODE_SIGN_STYLE = Automatic;
				CURRENT_PROJECT_VERSION = 1;
				DEVELOPMENT_ASSET_PATHS = "\"MDRDarts/Preview Content\"";
				DEVELOPMENT_TEAM = RM9W5UZAM4;
				ENABLE_PREVIEWS = YES;
				GENERATE_INFOPLIST_FILE = YES;
				INFOPLIST_KEY_UIApplicationSceneManifest_Generation = YES;
				INFOPLIST_KEY_UIApplicationSupportsIndirectInputEvents = YES;
				INFOPLIST_KEY_UILaunchScreen_Generation = YES;
				INFOPLIST_KEY_UISupportedInterfaceOrientations_iPad = "UIInterfaceOrientationPortrait UIInterfaceOrientationPortraitUpsideDown UIInterfaceOrientationLandscapeLeft UIInterfaceOrientationLandscapeRight";
				INFOPLIST_KEY_UISupportedInterfaceOrientations_iPhone = "UIInterfaceOrientationPortrait UIInterfaceOrientationLandscapeLeft UIInterfaceOrientationLandscapeRight";
				LD_RUNPATH_SEARCH_PATHS = (
					"$(inherited)",
					"@executable_path/Frameworks",
				);
				MARKETING_VERSION = 1.0;
				PRODUCT_BUNDLE_IDENTIFIER = com.kaidyer.MDRDarts;
				PRODUCT_NAME = "$(TARGET_NAME)";
				SWIFT_EMIT_LOC_STRINGS = YES;
				SWIFT_VERSION = 5.0;
				TARGETED_DEVICE_FAMILY = "1,2";
			};
			name = Debug;
		};
		190A4FBE293E86A500526C4A /* Release */ = {
			isa = XCBuildConfiguration;
			baseConfigurationReference = 27106B9A2B40DD14468E2D9A /* Pods-MDRDarts.release.xcconfig */;
			buildSettings = {
				ASSETCATALOG_COMPILER_APPICON_NAME = AppIcon;
				ASSETCATALOG_COMPILER_GLOBAL_ACCENT_COLOR_NAME = AccentColor;
				CODE_SIGN_STYLE = Automatic;
				CURRENT_PROJECT_VERSION = 1;
				DEVELOPMENT_ASSET_PATHS = "\"MDRDarts/Preview Content\"";
				DEVELOPMENT_TEAM = RM9W5UZAM4;
				ENABLE_PREVIEWS = YES;
				GENERATE_INFOPLIST_FILE = YES;
				INFOPLIST_KEY_UIApplicationSceneManifest_Generation = YES;
				INFOPLIST_KEY_UIApplicationSupportsIndirectInputEvents = YES;
				INFOPLIST_KEY_UILaunchScreen_Generation = YES;
				INFOPLIST_KEY_UISupportedInterfaceOrientations_iPad = "UIInterfaceOrientationPortrait UIInterfaceOrientationPortraitUpsideDown UIInterfaceOrientationLandscapeLeft UIInterfaceOrientationLandscapeRight";
				INFOPLIST_KEY_UISupportedInterfaceOrientations_iPhone = "UIInterfaceOrientationPortrait UIInterfaceOrientationLandscapeLeft UIInterfaceOrientationLandscapeRight";
				LD_RUNPATH_SEARCH_PATHS = (
					"$(inherited)",
					"@executable_path/Frameworks",
				);
				MARKETING_VERSION = 1.0;
				PRODUCT_BUNDLE_IDENTIFIER = com.kaidyer.MDRDarts;
				PRODUCT_NAME = "$(TARGET_NAME)";
				SWIFT_EMIT_LOC_STRINGS = YES;
				SWIFT_VERSION = 5.0;
				TARGETED_DEVICE_FAMILY = "1,2";
			};
			name = Release;
		};
/* End XCBuildConfiguration section */

/* Begin XCConfigurationList section */
		190A4FA9293E86A300526C4A /* Build configuration list for PBXProject "MDRDarts" */ = {
			isa = XCConfigurationList;
			buildConfigurations = (
				190A4FBA293E86A500526C4A /* Debug */,
				190A4FBB293E86A500526C4A /* Release */,
			);
			defaultConfigurationIsVisible = 0;
			defaultConfigurationName = Release;
		};
		190A4FBC293E86A500526C4A /* Build configuration list for PBXNativeTarget "MDRDarts" */ = {
			isa = XCConfigurationList;
			buildConfigurations = (
				190A4FBD293E86A500526C4A /* Debug */,
				190A4FBE293E86A500526C4A /* Release */,
			);
			defaultConfigurationIsVisible = 0;
			defaultConfigurationName = Release;
		};
/* End XCConfigurationList section */
	};
	rootObject = 190A4FA6293E86A300526C4A /* Project object */;
}
